
Microsoft Visual Studio Solution File, Format Version 12.00
# Visual Studio Version 16
VisualStudioVersion = 16.0.29424.173
MinimumVisualStudioVersion = 10.0.40219.1
Project("{FAE04EC0-301F-11D3-BF4B-00C04F79EFBC}") = "ProjectMgmt.Web", "ProjectMgmt.Web\ProjectMgmt.Web.csproj", "{1536D9A3-D258-40DC-8218-D94EC75C12DD}"
EndProject
Global
	GlobalSection(SolutionConfigurationPlatforms) = preSolution
		Debug|Any CPU = Debug|Any CPU
		Release|Any CPU = Release|Any CPU
	EndGlobalSection
	GlobalSection(ProjectConfigurationPlatforms) = postSolution
		{1536D9A3-D258-40DC-8218-D94EC75C12DD}.Debug|Any CPU.ActiveCfg = Debug|Any CPU
		{1536D9A3-D258-40DC-8218-D94EC75C12DD}.Debug|Any CPU.Build.0 = Debug|Any CPU
		{1536D9A3-D258-40DC-8218-D94EC75C12DD}.Release|Any CPU.ActiveCfg = Release|Any CPU
		{1536D9A3-D258-40DC-8218-D94EC75C12DD}.Release|Any CPU.Build.0 = Release|Any CPU
	EndGlobalSection
	GlobalSection(SolutionProperties) = preSolution
		HideSolutionNode = FALSE
	EndGlobalSection
	GlobalSection(ExtensibilityGlobals) = postSolution
		SolutionGuid = {A655DABF-0195-4D7F-8E88-6CD99B915E62}
	EndGlobalSection
EndGlobal
